
Microsoft Visual Studio Solution File, Format Version 12.00
# Visual Studio Version 17
VisualStudioVersion = 17.8.34525.116
MinimumVisualStudioVersion = 10.0.40219.1
Project("{2150E333-8FDC-42A3-9474-1A3956D46DE8}") = "src", "src", "{B27A3962-0FA1-4A7E-B93F-BA4B95E084EB}"
EndProject
Project("{9A19103F-16F7-4668-BE54-9A1E7A4F7556}") = "Domain", "Domain\Domain.csproj", "{23E0318D-7A8B-42A6-A48E-7A2DC61EAFD2}"
EndProject
Project("{9A19103F-16F7-4668-BE54-9A1E7A4F7556}") = "Persistence", "Persistence\Persistence.csproj", "{D2A86D09-4932-49BD-A16E-60F4512FE547}"
EndProject
Global
	GlobalSection(SolutionConfigurationPlatforms) = preSolution
		Debug|Any CPU = Debug|Any CPU
		Release|Any CPU = Release|Any CPU
	EndGlobalSection
	GlobalSection(ProjectConfigurationPlatforms) = postSolution
		{23E0318D-7A8B-42A6-A48E-7A2DC61EAFD2}.Debug|Any CPU.ActiveCfg = Debug|Any CPU
		{23E0318D-7A8B-42A6-A48E-7A2DC61EAFD2}.Debug|Any CPU.Build.0 = Debug|Any CPU
		{23E0318D-7A8B-42A6-A48E-7A2DC61EAFD2}.Release|Any CPU.ActiveCfg = Release|Any CPU
		{23E0318D-7A8B-42A6-A48E-7A2DC61EAFD2}.Release|Any CPU.Build.0 = Release|Any CPU
		{D2A86D09-4932-49BD-A16E-60F4512FE547}.Debug|Any CPU.ActiveCfg = Debug|Any CPU
		{D2A86D09-4932-49BD-A16E-60F4512FE547}.Debug|Any CPU.Build.0 = Debug|Any CPU
		{D2A86D09-4932-49BD-A16E-60F4512FE547}.Release|Any CPU.ActiveCfg = Release|Any CPU
		{D2A86D09-4932-49BD-A16E-60F4512FE547}.Release|Any CPU.Build.0 = Release|Any CPU
	EndGlobalSection
	GlobalSection(SolutionProperties) = preSolution
		HideSolutionNode = FALSE
	EndGlobalSection
	GlobalSection(NestedProjects) = preSolution
		{23E0318D-7A8B-42A6-A48E-7A2DC61EAFD2} = {B27A3962-0FA1-4A7E-B93F-BA4B95E084EB}
		{D2A86D09-4932-49BD-A16E-60F4512FE547} = {B27A3962-0FA1-4A7E-B93F-BA4B95E084EB}
	EndGlobalSection
	GlobalSection(ExtensibilityGlobals) = postSolution
		SolutionGuid = {7BCB5F76-A73A-41B8-9CFF-6B24A52FD364}
	EndGlobalSection
EndGlobal
